
Microsoft Visual Studio Solution File, Format Version 12.00
# Visual Studio Version 16
VisualStudioVersion = 16.0.29418.71
MinimumVisualStudioVersion = 10.0.40219.1
Project("{FAE04EC0-301F-11D3-BF4B-00C04F79EFBC}") = "Ficha", "Ficha\Ficha.csproj", "{7FA09D65-A687-43E3-8D51-F18810BA556F}"
EndProject
Global
	GlobalSection(SolutionConfigurationPlatforms) = preSolution
		Debug|Any CPU = Debug|Any CPU
		Release|Any CPU = Release|Any CPU
	EndGlobalSection
	GlobalSection(ProjectConfigurationPlatforms) = postSolution
		{7FA09D65-A687-43E3-8D51-F18810BA556F}.Debug|Any CPU.ActiveCfg = Debug|Any CPU
		{7FA09D65-A687-43E3-8D51-F18810BA556F}.Debug|Any CPU.Build.0 = Debug|Any CPU
		{7FA09D65-A687-43E3-8D51-F18810BA556F}.Release|Any CPU.ActiveCfg = Release|Any CPU
		{7FA09D65-A687-43E3-8D51-F18810BA556F}.Release|Any CPU.Build.0 = Release|Any CPU
	EndGlobalSection
	GlobalSection(SolutionProperties) = preSolution
		HideSolutionNode = FALSE
	EndGlobalSection
	GlobalSection(ExtensibilityGlobals) = postSolution
		SolutionGuid = {F8494CB4-0B77-46FC-9144-E31FC26BBD2D}
	EndGlobalSection
EndGlobal
